
Microsoft Visual Studio Solution File, Format Version 12.00
# Visual Studio 14
VisualStudioVersion = 14.0.25420.1
MinimumVisualStudioVersion = 10.0.40219.1
Project("{FAE04EC0-301F-11D3-BF4B-00C04F79EFBC}") = "Exercise04", "Exercise04\Exercise04.csproj", "{A7875582-F9E7-4BE2-BF7D-D0342301F6B1}"
EndProject
Global
	GlobalSection(SolutionConfigurationPlatforms) = preSolution
		Debug|Any CPU = Debug|Any CPU
		Release|Any CPU = Release|Any CPU
	EndGlobalSection
	GlobalSection(ProjectConfigurationPlatforms) = postSolution
		{A7875582-F9E7-4BE2-BF7D-D0342301F6B1}.Debug|Any CPU.ActiveCfg = Debug|Any CPU
		{A7875582-F9E7-4BE2-BF7D-D0342301F6B1}.Debug|Any CPU.Build.0 = Debug|Any CPU
		{A7875582-F9E7-4BE2-BF7D-D0342301F6B1}.Release|Any CPU.ActiveCfg = Release|Any CPU
		{A7875582-F9E7-4BE2-BF7D-D0342301F6B1}.Release|Any CPU.Build.0 = Release|Any CPU
	EndGlobalSection
	GlobalSection(SolutionProperties) = preSolution
		HideSolutionNode = FALSE
	EndGlobalSection
EndGlobal
