
Microsoft Visual Studio Solution File, Format Version 12.00
# Visual Studio 14
VisualStudioVersion = 14.0.25420.1
MinimumVisualStudioVersion = 10.0.40219.1
Project("{FAE04EC0-301F-11D3-BF4B-00C04F79EFBC}") = "Ch09Ex01", "Ch09Ex01\Ch09Ex01.csproj", "{16315F3F-9FEC-4D23-B991-351B1309BBF4}"
EndProject
Global
	GlobalSection(SolutionConfigurationPlatforms) = preSolution
		Debug|Any CPU = Debug|Any CPU
		Release|Any CPU = Release|Any CPU
	EndGlobalSection
	GlobalSection(ProjectConfigurationPlatforms) = postSolution
		{16315F3F-9FEC-4D23-B991-351B1309BBF4}.Debug|Any CPU.ActiveCfg = Debug|Any CPU
		{16315F3F-9FEC-4D23-B991-351B1309BBF4}.Debug|Any CPU.Build.0 = Debug|Any CPU
		{16315F3F-9FEC-4D23-B991-351B1309BBF4}.Release|Any CPU.ActiveCfg = Release|Any CPU
		{16315F3F-9FEC-4D23-B991-351B1309BBF4}.Release|Any CPU.Build.0 = Release|Any CPU
	EndGlobalSection
	GlobalSection(SolutionProperties) = preSolution
		HideSolutionNode = FALSE
	EndGlobalSection
EndGlobal
